
Microsoft Visual Studio Solution File, Format Version 12.00
# Blend for Visual Studio Version 17
VisualStudioVersion = 17.1.32210.238
MinimumVisualStudioVersion = 10.0.40219.1
Project("{FAE04EC0-301F-11D3-BF4B-00C04F79EFBC}") = "SimpleGame", "SimpleGame\SimpleGame.csproj", "{DA1935EF-DD6B-4941-800C-2A510B05FA40}"
EndProject
Global
	GlobalSection(SolutionConfigurationPlatforms) = preSolution
		Debug|Any CPU = Debug|Any CPU
		Release|Any CPU = Release|Any CPU
	EndGlobalSection
	GlobalSection(ProjectConfigurationPlatforms) = postSolution
		{DA1935EF-DD6B-4941-800C-2A510B05FA40}.Debug|Any CPU.ActiveCfg = Debug|Any CPU
		{DA1935EF-DD6B-4941-800C-2A510B05FA40}.Debug|Any CPU.Build.0 = Debug|Any CPU
		{DA1935EF-DD6B-4941-800C-2A510B05FA40}.Release|Any CPU.ActiveCfg = Release|Any CPU
		{DA1935EF-DD6B-4941-800C-2A510B05FA40}.Release|Any CPU.Build.0 = Release|Any CPU
	EndGlobalSection
	GlobalSection(SolutionProperties) = preSolution
		HideSolutionNode = FALSE
	EndGlobalSection
	GlobalSection(ExtensibilityGlobals) = postSolution
		SolutionGuid = {E526D070-9DD6-4E36-9680-6D9EDF3A3CFE}
	EndGlobalSection
EndGlobal
